
Microsoft Visual Studio Solution File, Format Version 12.00
# Visual Studio Version 16
VisualStudioVersion = 16.0.30717.126
MinimumVisualStudioVersion = 10.0.40219.1
Project("{FAE04EC0-301F-11D3-BF4B-00C04F79EFBC}") = "azure-ad-address-book", "azure-ad-address-book.csproj", "{BE9469E0-3129-4395-B689-49CD660C334E}"
EndProject
Global
	GlobalSection(SolutionConfigurationPlatforms) = preSolution
		Debug|Any CPU = Debug|Any CPU
		Release|Any CPU = Release|Any CPU
	EndGlobalSection
	GlobalSection(ProjectConfigurationPlatforms) = postSolution
		{BE9469E0-3129-4395-B689-49CD660C334E}.Debug|Any CPU.ActiveCfg = Debug|Any CPU
		{BE9469E0-3129-4395-B689-49CD660C334E}.Debug|Any CPU.Build.0 = Debug|Any CPU
		{BE9469E0-3129-4395-B689-49CD660C334E}.Release|Any CPU.ActiveCfg = Release|Any CPU
		{BE9469E0-3129-4395-B689-49CD660C334E}.Release|Any CPU.Build.0 = Release|Any CPU
	EndGlobalSection
	GlobalSection(SolutionProperties) = preSolution
		HideSolutionNode = FALSE
	EndGlobalSection
	GlobalSection(ExtensibilityGlobals) = postSolution
		SolutionGuid = {10622472-C408-41BD-9DAD-AE2F1EBF1776}
	EndGlobalSection
EndGlobal
